
Microsoft Visual Studio Solution File, Format Version 12.00
# Visual Studio Version 16
VisualStudioVersion = 16.0.31005.135
MinimumVisualStudioVersion = 10.0.40219.1
Project("{FAE04EC0-301F-11D3-BF4B-00C04F79EFBC}") = "WebReact1", "WebReact1\WebReact1.csproj", "{CCC0820C-21C5-4959-BB7A-82ACEB252683}"
EndProject
Global
	GlobalSection(SolutionConfigurationPlatforms) = preSolution
		Debug|Any CPU = Debug|Any CPU
		Release|Any CPU = Release|Any CPU
	EndGlobalSection
	GlobalSection(ProjectConfigurationPlatforms) = postSolution
		{CCC0820C-21C5-4959-BB7A-82ACEB252683}.Debug|Any CPU.ActiveCfg = Debug|Any CPU
		{CCC0820C-21C5-4959-BB7A-82ACEB252683}.Debug|Any CPU.Build.0 = Debug|Any CPU
		{CCC0820C-21C5-4959-BB7A-82ACEB252683}.Release|Any CPU.ActiveCfg = Release|Any CPU
		{CCC0820C-21C5-4959-BB7A-82ACEB252683}.Release|Any CPU.Build.0 = Release|Any CPU
	EndGlobalSection
	GlobalSection(SolutionProperties) = preSolution
		HideSolutionNode = FALSE
	EndGlobalSection
	GlobalSection(ExtensibilityGlobals) = postSolution
		SolutionGuid = {3E24940E-35CD-4FE9-8823-D39FC6D91F6D}
	EndGlobalSection
EndGlobal
